
Microsoft Visual Studio Solution File, Format Version 12.00
# Visual Studio 15
VisualStudioVersion = 15.0.27130.2036
MinimumVisualStudioVersion = 10.0.40219.1
Project("{FAE04EC0-301F-11D3-BF4B-00C04F79EFBC}") = "danielCherrin_CarRentalApp", "danielCherrin_CarRentalApp\danielCherrin_CarRentalApp.csproj", "{1CB431AF-64FD-4BC9-B659-049ADE943661}"
EndProject
Global
	GlobalSection(SolutionConfigurationPlatforms) = preSolution
		Debug|Any CPU = Debug|Any CPU
		Release|Any CPU = Release|Any CPU
	EndGlobalSection
	GlobalSection(ProjectConfigurationPlatforms) = postSolution
		{1CB431AF-64FD-4BC9-B659-049ADE943661}.Debug|Any CPU.ActiveCfg = Debug|Any CPU
		{1CB431AF-64FD-4BC9-B659-049ADE943661}.Debug|Any CPU.Build.0 = Debug|Any CPU
		{1CB431AF-64FD-4BC9-B659-049ADE943661}.Release|Any CPU.ActiveCfg = Release|Any CPU
		{1CB431AF-64FD-4BC9-B659-049ADE943661}.Release|Any CPU.Build.0 = Release|Any CPU
	EndGlobalSection
	GlobalSection(SolutionProperties) = preSolution
		HideSolutionNode = FALSE
	EndGlobalSection
	GlobalSection(ExtensibilityGlobals) = postSolution
		SolutionGuid = {A2397BD2-BF25-43DD-9C20-D54292A866C8}
	EndGlobalSection
EndGlobal
